
Microsoft Visual Studio Solution File, Format Version 12.00
# Visual Studio Version 17
VisualStudioVersion = 17.6.33815.320
MinimumVisualStudioVersion = 10.0.40219.1
Project("{FAE04EC0-301F-11D3-BF4B-00C04F79EFBC}") = "ConsoleAppArrays", "ConsoleAppArrays\ConsoleAppArrays.csproj", "{C0038458-6DDB-40BC-94A8-EBC0B019BC43}"
EndProject
Global
	GlobalSection(SolutionConfigurationPlatforms) = preSolution
		Debug|Any CPU = Debug|Any CPU
		Release|Any CPU = Release|Any CPU
	EndGlobalSection
	GlobalSection(ProjectConfigurationPlatforms) = postSolution
		{C0038458-6DDB-40BC-94A8-EBC0B019BC43}.Debug|Any CPU.ActiveCfg = Debug|Any CPU
		{C0038458-6DDB-40BC-94A8-EBC0B019BC43}.Debug|Any CPU.Build.0 = Debug|Any CPU
		{C0038458-6DDB-40BC-94A8-EBC0B019BC43}.Release|Any CPU.ActiveCfg = Release|Any CPU
		{C0038458-6DDB-40BC-94A8-EBC0B019BC43}.Release|Any CPU.Build.0 = Release|Any CPU
	EndGlobalSection
	GlobalSection(SolutionProperties) = preSolution
		HideSolutionNode = FALSE
	EndGlobalSection
	GlobalSection(ExtensibilityGlobals) = postSolution
		SolutionGuid = {16AF6E39-3935-4F85-AB60-ED3B3C175828}
	EndGlobalSection
EndGlobal
